Microsoft Visual Studio Solution File, Format Version 12.00
# Visual Studio Version 17
VisualStudioVersion = 17.5.2.0
MinimumVisualStudioVersion = 10.0.40219.1
Project("{FAE04EC0-301F-11D3-BF4B-00C04F79EFBC}") = "consumindoApi_terceiros", "consumindoApi_terceiros\consumindoApi_terceiros.csproj", "{B7C7FFB0-2A6B-EE88-3605-D87FE7262C3F}"
EndProject
Global
	GlobalSection(SolutionConfigurationPlatforms) = preSolution
		Debug|Any CPU = Debug|Any CPU
		Release|Any CPU = Release|Any CPU
	EndGlobalSection
	GlobalSection(ProjectConfigurationPlatforms) = postSolution
		{B7C7FFB0-2A6B-EE88-3605-D87FE7262C3F}.Debug|Any CPU.ActiveCfg = Debug|Any CPU
		{B7C7FFB0-2A6B-EE88-3605-D87FE7262C3F}.Debug|Any CPU.Build.0 = Debug|Any CPU
		{B7C7FFB0-2A6B-EE88-3605-D87FE7262C3F}.Release|Any CPU.ActiveCfg = Release|Any CPU
		{B7C7FFB0-2A6B-EE88-3605-D87FE7262C3F}.Release|Any CPU.Build.0 = Release|Any CPU
	EndGlobalSection
	GlobalSection(SolutionProperties) = preSolution
		HideSolutionNode = FALSE
	EndGlobalSection
	GlobalSection(ExtensibilityGlobals) = postSolution
		SolutionGuid = {AEBB6EBF-2364-484B-8AFF-CFABD4E49F2A}
	EndGlobalSection
EndGlobal
